
Microsoft Visual Studio Solution File, Format Version 12.00
# Visual Studio Version 17
VisualStudioVersion = 17.7.34221.43
MinimumVisualStudioVersion = 10.0.40219.1
Project("{FAE04EC0-301F-11D3-BF4B-00C04F79EFBC}") = "TSPJamaica", "TSPJamaica.csproj", "{2137036B-995C-4533-BE92-A3FCF1506D63}"
EndProject
Global
	GlobalSection(SolutionConfigurationPlatforms) = preSolution
		Debug|Any CPU = Debug|Any CPU
		Release|Any CPU = Release|Any CPU
	EndGlobalSection
	GlobalSection(ProjectConfigurationPlatforms) = postSolution
		{2137036B-995C-4533-BE92-A3FCF1506D63}.Debug|Any CPU.ActiveCfg = Debug|Any CPU
		{2137036B-995C-4533-BE92-A3FCF1506D63}.Debug|Any CPU.Build.0 = Debug|Any CPU
		{2137036B-995C-4533-BE92-A3FCF1506D63}.Release|Any CPU.ActiveCfg = Release|Any CPU
		{2137036B-995C-4533-BE92-A3FCF1506D63}.Release|Any CPU.Build.0 = Release|Any CPU
	EndGlobalSection
	GlobalSection(SolutionProperties) = preSolution
		HideSolutionNode = FALSE
	EndGlobalSection
	GlobalSection(ExtensibilityGlobals) = postSolution
		SolutionGuid = {7909BE83-E148-4719-8D37-C38CDE6BB6BA}
	EndGlobalSection
EndGlobal
